
Microsoft Visual Studio Solution File, Format Version 12.00
# Visual Studio Version 16
VisualStudioVersion = 16.0.31005.135
MinimumVisualStudioVersion = 10.0.40219.1
Project("{FAE04EC0-301F-11D3-BF4B-00C04F79EFBC}") = "WebApplication6", "WebApplication6\WebApplication6.csproj", "{EB91299E-88CD-45C8-AFDA-418FB2FD71C6}"
EndProject
Global
	GlobalSection(SolutionConfigurationPlatforms) = preSolution
		Debug|Any CPU = Debug|Any CPU
		Release|Any CPU = Release|Any CPU
	EndGlobalSection
	GlobalSection(ProjectConfigurationPlatforms) = postSolution
		{EB91299E-88CD-45C8-AFDA-418FB2FD71C6}.Debug|Any CPU.ActiveCfg = Debug|Any CPU
		{EB91299E-88CD-45C8-AFDA-418FB2FD71C6}.Debug|Any CPU.Build.0 = Debug|Any CPU
		{EB91299E-88CD-45C8-AFDA-418FB2FD71C6}.Release|Any CPU.ActiveCfg = Release|Any CPU
		{EB91299E-88CD-45C8-AFDA-418FB2FD71C6}.Release|Any CPU.Build.0 = Release|Any CPU
	EndGlobalSection
	GlobalSection(SolutionProperties) = preSolution
		HideSolutionNode = FALSE
	EndGlobalSection
	GlobalSection(ExtensibilityGlobals) = postSolution
		SolutionGuid = {2E11EACE-B18F-49FB-9A8C-00C9770923B0}
	EndGlobalSection
EndGlobal
